
Microsoft Visual Studio Solution File, Format Version 12.00
# Visual Studio Version 17
VisualStudioVersion = 17.2.32616.157
MinimumVisualStudioVersion = 10.0.40219.1
Project("{FAE04EC0-301F-11D3-BF4B-00C04F79EFBC}") = "ConsoleApp12", "ConsoleApp12\ConsoleApp12.csproj", "{4AB13F49-3D83-44A4-A9F4-DCDF31708CB7}"
EndProject
Global
	GlobalSection(SolutionConfigurationPlatforms) = preSolution
		Debug|Any CPU = Debug|Any CPU
		Release|Any CPU = Release|Any CPU
	EndGlobalSection
	GlobalSection(ProjectConfigurationPlatforms) = postSolution
		{4AB13F49-3D83-44A4-A9F4-DCDF31708CB7}.Debug|Any CPU.ActiveCfg = Debug|Any CPU
		{4AB13F49-3D83-44A4-A9F4-DCDF31708CB7}.Debug|Any CPU.Build.0 = Debug|Any CPU
		{4AB13F49-3D83-44A4-A9F4-DCDF31708CB7}.Release|Any CPU.ActiveCfg = Release|Any CPU
		{4AB13F49-3D83-44A4-A9F4-DCDF31708CB7}.Release|Any CPU.Build.0 = Release|Any CPU
	EndGlobalSection
	GlobalSection(SolutionProperties) = preSolution
		HideSolutionNode = FALSE
	EndGlobalSection
	GlobalSection(ExtensibilityGlobals) = postSolution
		SolutionGuid = {76FE8A69-1A08-4757-AD2B-DDF0FAE61B6A}
	EndGlobalSection
EndGlobal
